PODS:
  - ObjectMapper (1.2.0)
  - Realm (1.0.0):
    - Realm/Headers (= 1.0.0)
  - Realm/Headers (1.0.0)
  - RealmSwift (1.0.0):
    - Realm (= 1.0.0)

DEPENDENCIES:
  - ObjectMapper (~> 1.2.0)
  - RealmSwift (~> 1.0)

SPEC CHECKSUMS:
  ObjectMapper: b1e9c7c8a9f6400b72690c80072c131504caa66f
  Realm: e15cd8e7c11d3e576f628ba0b7cb855269b4991c
  RealmSwift: 3229306d020d96f83b335f87a0dcbf2cef0e6a2b

PODFILE CHECKSUM: f6c3e4aa20554a6577d0ee303829e9a2d4f44218

COCOAPODS: 1.0.0
