PODS:
  - ObjectMapper (3.3.0)
  - Realm (3.13.1):
    - Realm/Headers (= 3.13.1)
  - Realm/Headers (3.13.1)
  - RealmS (4.0.1):
    - ObjectMapper (~> 3.0)
    - RealmSwift (~> 3.0)
  - RealmSwift (3.13.1):
    - Realm (= 3.13.1)
  - SwiftLint (0.25.1)

DEPENDENCIES:
  - ObjectMapper (= 3.3.0)
  - RealmS (from `./`)
  - RealmSwift (~> 3.0)
  - SwiftLint (~> 0.25.0)

EXTERNAL SOURCES:
  RealmS:
    :path: ./

SPEC CHECKSUMS:
  ObjectMapper: b612bf8c8e99c4dc0bb6013a51f7c27966ed5da9
  Realm: 50071da38fe079e0735e47c9f2eae738c68c5996
  RealmS: 74eb9ee88ee9620b3502c67962d69cf8315932be
  RealmSwift: 8a1e6a02b7a08cd17a31e3115143fb69fe5f3fb9
  SwiftLint: ce933681be10c3266e82576dad676fa815a602e9

PODFILE CHECKSUM: cf819f1d637e39c25efba1c18b2c3782cfb3dc12

COCOAPODS: 1.4.0
